// !$*UTF8*$!
{
	archiveVersion = 1;
	classes = {
	};
	objectVersion = 50;
	objects = {

/* Begin PBXBuildFile section */
		4352F17DFB64E2292BD45326 /* Pods_SveviaResourceManager.framework in Frameworks */ = {isa = PBXBuildFile; fileRef = 92EC454D4EBDF7874F1BD99C /* Pods_SveviaResourceManager.framework */; };
		C9D30D00B069FB17EB4CE420 /* Pods_SveviaResourceManagerTests.framework in Frameworks */ = {isa = PBXBuildFile; fileRef = FC506A0A01AD30CADFB76BB3 /* Pods_SveviaResourceManagerTests.framework */; };
		DD8B7F4A21658E3B00092B49 /* AppDelegate.swift in Sources */ = {isa = PBXBuildFile; fileRef = DD8B7F4921658E3B00092B49 /* AppDelegate.swift */; };
		DD8B7F4C21658E3B00092B49 /* LoginViewController.swift in Sources */ = {isa = PBXBuildFile; fileRef = DD8B7F4B21658E3B00092B49 /* LoginViewController.swift */; };
		DD8B7F4F21658E3B00092B49 /* Main.storyboard in Resources */ = {isa = PBXBuildFile; fileRef = DD8B7F4D21658E3B00092B49 /* Main.storyboard */; };
		DD8B7F5121658E3B00092B49 /* Assets.xcassets in Resources */ = {isa = PBXBuildFile; fileRef = DD8B7F5021658E3B00092B49 /* Assets.xcassets */; };
		DD8B7F5421658E3B00092B49 /* LaunchScreen.storyboard in Resources */ = {isa = PBXBuildFile; fileRef = DD8B7F5221658E3B00092B49 /* LaunchScreen.storyboard */; };
		DD8B7F5F21658E3B00092B49 /* SveviaResourceManagerTests.swift in Sources */ = {isa = PBXBuildFile; fileRef = DD8B7F5E21658E3B00092B49 /* SveviaResourceManagerTests.swift */; };
		DD8B7F6A21658E3B00092B49 /* SveviaResourceManagerUITests.swift in Sources */ = {isa = PBXBuildFile; fileRef = DD8B7F6921658E3B00092B49 /* SveviaResourceManagerUITests.swift */; };
		DD8B7F7921658E7900092B49 /* MapKit.framework in Frameworks */ = {isa = PBXBuildFile; fileRef = DD8B7F7821658E7900092B49 /* MapKit.framework */; };
		DDEC03FF2166D45000180CE3 /* Localizable.strings in Resources */ = {isa = PBXBuildFile; fileRef = DDEC03FD2166D45000180CE3 /* Localizable.strings */; };
		DDEC0406216AD88D00180CE3 /* HomeViewController.swift in Sources */ = {isa = PBXBuildFile; fileRef = DDEC0405216AD88D00180CE3 /* HomeViewController.swift */; };
		DDFA11E021658F4000FCD002 /* GoogleService-Info.plist in Resources */ = {isa = PBXBuildFile; fileRef = DDFA11DF21658F4000FCD002 /* GoogleService-Info.plist */; };
		DDFA11E121658F4000FCD002 /* GoogleService-Info.plist in Resources */ = {isa = PBXBuildFile; fileRef = DDFA11DF21658F4000FCD002 /* GoogleService-Info.plist */; };
		DDFA11E221658F4000FCD002 /* GoogleService-Info.plist in Resources */ = {isa = PBXBuildFile; fileRef = DDFA11DF21658F4000FCD002 /* GoogleService-Info.plist */; };
		F9C8818BD0F6B1D41EA3E114 /* Pods_SveviaResourceManagerUITests.framework in Frameworks */ = {isa = PBXBuildFile; fileRef = A0CB51DBD76594328FDE55A1 /* Pods_SveviaResourceManagerUITests.framework */; };
/* End PBXBuildFile section */

/* Begin PBXContainerItemProxy section */
		DD8B7F5B21658E3B00092B49 /* PBXContainerItemProxy */ = {
			isa = PBXContainerItemProxy;
			containerPortal = DD8B7F3E21658E3A00092B49 /* Project object */;
			proxyType = 1;
			remoteGlobalIDString = DD8B7F4521658E3A00092B49;
			remoteInfo = SveviaResourceManager;
		};
		DD8B7F6621658E3B00092B49 /* PBXContainerItemProxy */ = {
			isa = PBXContainerItemProxy;
			containerPortal = DD8B7F3E21658E3A00092B49 /* Project object */;
			proxyType = 1;
			remoteGlobalIDString = DD8B7F4521658E3A00092B49;
			remoteInfo = SveviaResourceManager;
		};
/* End PBXContainerItemProxy section */

/* Begin PBXFileReference section */
		1C6F180705CB32EDB545009D /* Pods-SveviaResourceManagerUITests.release.xcconfig */ = {isa = PBXFileReference; includeInIndex = 1; lastKnownFileType = text.xcconfig; name = "Pods-SveviaResourceManagerUITests.release.xcconfig"; path = "Pods/Target Support Files/Pods-SveviaResourceManagerUITests/Pods-SveviaResourceManagerUITests.release.xcconfig"; sourceTree = "<group>"; };
		301B6659E0C59DFA74A4B766 /* Pods-SveviaResourceManagerUITests.debug.xcconfig */ = {isa = PBXFileReference; includeInIndex = 1; lastKnownFileType = text.xcconfig; name = "Pods-SveviaResourceManagerUITests.debug.xcconfig"; path = "Pods/Target Support Files/Pods-SveviaResourceManagerUITests/Pods-SveviaResourceManagerUITests.debug.xcconfig"; sourceTree = "<group>"; };
		92EC454D4EBDF7874F1BD99C /* Pods_SveviaResourceManager.framework */ = {isa = PBXFileReference; explicitFileType = wrapper.framework; includeInIndex = 0; path = Pods_SveviaResourceManager.framework; sourceTree = BUILT_PRODUCTS_DIR; };
		A0CB51DBD76594328FDE55A1 /* Pods_SveviaResourceManagerUITests.framework */ = {isa = PBXFileReference; explicitFileType = wrapper.framework; includeInIndex = 0; path = Pods_SveviaResourceManagerUITests.framework; sourceTree = BUILT_PRODUCTS_DIR; };
		A43D1B72DA55E3D4E0E6C3FF /* Pods-SveviaResourceManager.debug.xcconfig */ = {isa = PBXFileReference; includeInIndex = 1; lastKnownFileType = text.xcconfig; name = "Pods-SveviaResourceManager.debug.xcconfig"; path = "Pods/Target Support Files/Pods-SveviaResourceManager/Pods-SveviaResourceManager.debug.xcconfig"; sourceTree = "<group>"; };
		B170919DCC67A9C7AB504241 /* Pods-SveviaResourceManagerTests.debug.xcconfig */ = {isa = PBXFileReference; includeInIndex = 1; lastKnownFileType = text.xcconfig; name = "Pods-SveviaResourceManagerTests.debug.xcconfig"; path = "Pods/Target Support Files/Pods-SveviaResourceManagerTests/Pods-SveviaResourceManagerTests.debug.xcconfig"; sourceTree = "<group>"; };
		B5F228A69AA8667D9B51D934 /* Pods-SveviaResourceManager.release.xcconfig */ = {isa = PBXFileReference; includeInIndex = 1; lastKnownFileType = text.xcconfig; name = "Pods-SveviaResourceManager.release.xcconfig"; path = "Pods/Target Support Files/Pods-SveviaResourceManager/Pods-SveviaResourceManager.release.xcconfig"; sourceTree = "<group>"; };
		C23720A30AF6973C985C2095 /* Pods-SveviaResourceManagerTests.release.xcconfig */ = {isa = PBXFileReference; includeInIndex = 1; lastKnownFileType = text.xcconfig; name = "Pods-SveviaResourceManagerTests.release.xcconfig"; path = "Pods/Target Support Files/Pods-SveviaResourceManagerTests/Pods-SveviaResourceManagerTests.release.xcconfig"; sourceTree = "<group>"; };
		DD8B7F4621658E3B00092B49 /* SveviaResourceManager.app */ = {isa = PBXFileReference; explicitFileType = wrapper.application; includeInIndex = 0; path = SveviaResourceManager.app; sourceTree = BUILT_PRODUCTS_DIR; };
		DD8B7F4921658E3B00092B49 /* AppDelegate.swift */ = {isa = PBXFileReference; lastKnownFileType = sourcecode.swift; path = AppDelegate.swift; sourceTree = "<group>"; };
		DD8B7F4B21658E3B00092B49 /* LoginViewController.swift */ = {isa = PBXFileReference; lastKnownFileType = sourcecode.swift; path = LoginViewController.swift; sourceTree = "<group>"; };
		DD8B7F4E21658E3B00092B49 /* Base */ = {isa = PBXFileReference; lastKnownFileType = file.storyboard; name = Base; path = Base.lproj/Main.storyboard; sourceTree = "<group>"; };
		DD8B7F5021658E3B00092B49 /* Assets.xcassets */ = {isa = PBXFileReference; lastKnownFileType = folder.assetcatalog; path = Assets.xcassets; sourceTree = "<group>"; };
		DD8B7F5321658E3B00092B49 /* Base */ = {isa = PBXFileReference; lastKnownFileType = file.storyboard; name = Base; path = Base.lproj/LaunchScreen.storyboard; sourceTree = "<group>"; };
		DD8B7F5521658E3B00092B49 /* Info.plist */ = {isa = PBXFileReference; lastKnownFileType = text.plist.xml; path = Info.plist; sourceTree = "<group>"; };
		DD8B7F5A21658E3B00092B49 /* SveviaResourceManagerTests.xctest */ = {isa = PBXFileReference; explicitFileType = wrapper.cfbundle; includeInIndex = 0; path = SveviaResourceManagerTests.xctest; sourceTree = BUILT_PRODUCTS_DIR; };
		DD8B7F5E21658E3B00092B49 /* SveviaResourceManagerTests.swift */ = {isa = PBXFileReference; lastKnownFileType = sourcecode.swift; path = SveviaResourceManagerTests.swift; sourceTree = "<group>"; };
		DD8B7F6021658E3B00092B49 /* Info.plist */ = {isa = PBXFileReference; lastKnownFileType = text.plist.xml; path = Info.plist; sourceTree = "<group>"; };
		DD8B7F6521658E3B00092B49 /* SveviaResourceManagerUITests.xctest */ = {isa = PBXFileReference; explicitFileType = wrapper.cfbundle; includeInIndex = 0; path = SveviaResourceManagerUITests.xctest; sourceTree = BUILT_PRODUCTS_DIR; };
		DD8B7F6921658E3B00092B49 /* SveviaResourceManagerUITests.swift */ = {isa = PBXFileReference; lastKnownFileType = sourcecode.swift; path = SveviaResourceManagerUITests.swift; sourceTree = "<group>"; };
		DD8B7F6B21658E3B00092B49 /* Info.plist */ = {isa = PBXFileReference; lastKnownFileType = text.plist.xml; path = Info.plist; sourceTree = "<group>"; };
		DD8B7F7821658E7900092B49 /* MapKit.framework */ = {isa = PBXFileReference; lastKnownFileType = wrapper.framework; name = MapKit.framework; path = System/Library/Frameworks/MapKit.framework; sourceTree = SDKROOT; };
		DDEC03FE2166D45000180CE3 /* sv */ = {isa = PBXFileReference; lastKnownFileType = text.plist.strings; name = sv; path = sv.lproj/Localizable.strings; sourceTree = "<group>"; };
		DDEC0402216A91DE00180CE3 /* sv */ = {isa = PBXFileReference; lastKnownFileType = text.plist.strings; name = sv; path = sv.lproj/Main.strings; sourceTree = "<group>"; };
		DDEC0405216AD88D00180CE3 /* HomeViewController.swift */ = {isa = PBXFileReference; lastKnownFileType = sourcecode.swift; path = HomeViewController.swift; sourceTree = "<group>"; };
		DDFA11DF21658F4000FCD002 /* GoogleService-Info.plist */ = {isa = PBXFileReference; fileEncoding = 4; lastKnownFileType = text.plist.xml; name = "GoogleService-Info.plist"; path = "../../../../../Downloads/GoogleService-Info.plist"; sourceTree = "<group>"; };
		DDFA11E4216590C700FCD002 /* en */ = {isa = PBXFileReference; lastKnownFileType = text.plist.strings; name = en; path = en.lproj/LaunchScreen.strings; sourceTree = "<group>"; };
		DDFA11E92165919D00FCD002 /* sv */ = {isa = PBXFileReference; lastKnownFileType = text.plist.strings; name = sv; path = sv.lproj/LaunchScreen.strings; sourceTree = "<group>"; };
		FC506A0A01AD30CADFB76BB3 /* Pods_SveviaResourceManagerTests.framework */ = {isa = PBXFileReference; explicitFileType = wrapper.framework; includeInIndex = 0; path = Pods_SveviaResourceManagerTests.framework; sourceTree = BUILT_PRODUCTS_DIR; };
/* End PBXFileReference section */

/* Begin PBXFrameworksBuildPhase section */
		DD8B7F4321658E3A00092B49 /* Frameworks */ = {
			isa = PBXFrameworksBuildPhase;
			buildActionMask = 2147483647;
			files = (
				DD8B7F7921658E7900092B49 /* MapKit.framework in Frameworks */,
				4352F17DFB64E2292BD45326 /* Pods_SveviaResourceManager.framework in Frameworks */,
			);
			runOnlyForDeploymentPostprocessing = 0;
		};
		DD8B7F5721658E3B00092B49 /* Frameworks */ = {
			isa = PBXFrameworksBuildPhase;
			buildActionMask = 2147483647;
			files = (
				C9D30D00B069FB17EB4CE420 /* Pods_SveviaResourceManagerTests.framework in Frameworks */,
			);
			runOnlyForDeploymentPostprocessing = 0;
		};
		DD8B7F6221658E3B00092B49 /* Frameworks */ = {
			isa = PBXFrameworksBuildPhase;
			buildActionMask = 2147483647;
			files = (
				F9C8818BD0F6B1D41EA3E114 /* Pods_SveviaResourceManagerUITests.framework in Frameworks */,
			);
			runOnlyForDeploymentPostprocessing = 0;
		};
/* End PBXFrameworksBuildPhase section */

/* Begin PBXGroup section */
		D779E262163F91AD08689FF3 /* Pods */ = {
			isa = PBXGroup;
			children = (
				A43D1B72DA55E3D4E0E6C3FF /* Pods-SveviaResourceManager.debug.xcconfig */,
				B5F228A69AA8667D9B51D934 /* Pods-SveviaResourceManager.release.xcconfig */,
				B170919DCC67A9C7AB504241 /* Pods-SveviaResourceManagerTests.debug.xcconfig */,
				C23720A30AF6973C985C2095 /* Pods-SveviaResourceManagerTests.release.xcconfig */,
				301B6659E0C59DFA74A4B766 /* Pods-SveviaResourceManagerUITests.debug.xcconfig */,
				1C6F180705CB32EDB545009D /* Pods-SveviaResourceManagerUITests.release.xcconfig */,
			);
			name = Pods;
			sourceTree = "<group>";
		};
		DD8B7F3D21658E3A00092B49 = {
			isa = PBXGroup;
			children = (
				DD8B7F4821658E3B00092B49 /* SveviaResourceManager */,
				DD8B7F5D21658E3B00092B49 /* SveviaResourceManagerTests */,
				DD8B7F6821658E3B00092B49 /* SveviaResourceManagerUITests */,
				DD8B7F4721658E3B00092B49 /* Products */,
				DD8B7F7721658E7900092B49 /* Frameworks */,
				D779E262163F91AD08689FF3 /* Pods */,
			);
			sourceTree = "<group>";
		};
		DD8B7F4721658E3B00092B49 /* Products */ = {
			isa = PBXGroup;
			children = (
				DD8B7F4621658E3B00092B49 /* SveviaResourceManager.app */,
				DD8B7F5A21658E3B00092B49 /* SveviaResourceManagerTests.xctest */,
				DD8B7F6521658E3B00092B49 /* SveviaResourceManagerUITests.xctest */,
			);
			name = Products;
			sourceTree = "<group>";
		};
		DD8B7F4821658E3B00092B49 /* SveviaResourceManager */ = {
			isa = PBXGroup;
			children = (
				DD8B7F4921658E3B00092B49 /* AppDelegate.swift */,
				DDEC0404216AD51800180CE3 /* ViewControllers */,
				DD8B7F4D21658E3B00092B49 /* Main.storyboard */,
				DD8B7F5021658E3B00092B49 /* Assets.xcassets */,
				DD8B7F5221658E3B00092B49 /* LaunchScreen.storyboard */,
				DD8B7F5521658E3B00092B49 /* Info.plist */,
				DDFA11DF21658F4000FCD002 /* GoogleService-Info.plist */,
				DDEC03FD2166D45000180CE3 /* Localizable.strings */,
			);
			path = SveviaResourceManager;
			sourceTree = "<group>";
		};
		DD8B7F5D21658E3B00092B49 /* SveviaResourceManagerTests */ = {
			isa = PBXGroup;
			children = (
				DD8B7F5E21658E3B00092B49 /* SveviaResourceManagerTests.swift */,
				DD8B7F6021658E3B00092B49 /* Info.plist */,
			);
			path = SveviaResourceManagerTests;
			sourceTree = "<group>";
		};
		DD8B7F6821658E3B00092B49 /* SveviaResourceManagerUITests */ = {
			isa = PBXGroup;
			children = (
				DD8B7F6921658E3B00092B49 /* SveviaResourceManagerUITests.swift */,
				DD8B7F6B21658E3B00092B49 /* Info.plist */,
			);
			path = SveviaResourceManagerUITests;
			sourceTree = "<group>";
		};
		DD8B7F7721658E7900092B49 /* Frameworks */ = {
			isa = PBXGroup;
			children = (
				DD8B7F7821658E7900092B49 /* MapKit.framework */,
				92EC454D4EBDF7874F1BD99C /* Pods_SveviaResourceManager.framework */,
				FC506A0A01AD30CADFB76BB3 /* Pods_SveviaResourceManagerTests.framework */,
				A0CB51DBD76594328FDE55A1 /* Pods_SveviaResourceManagerUITests.framework */,
			);
			name = Frameworks;
			sourceTree = "<group>";
		};
		DDEC0404216AD51800180CE3 /* ViewControllers */ = {
			isa = PBXGroup;
			children = (
				DD8B7F4B21658E3B00092B49 /* LoginViewController.swift */,
				DDEC0405216AD88D00180CE3 /* HomeViewController.swift */,
			);
			path = ViewControllers;
			sourceTree = "<group>";
		};
/* End PBXGroup section */

/* Begin PBXNativeTarget section */
		DD8B7F4521658E3A00092B49 /* SveviaResourceManager */ = {
			isa = PBXNativeTarget;
			buildConfigurationList = DD8B7F6E21658E3B00092B49 /* Build configuration list for PBXNativeTarget "SveviaResourceManager" */;
			buildPhases = (
				2C239DF48E03282B85ADA688 /* [CP] Check Pods Manifest.lock */,
				DD8B7F4221658E3A00092B49 /* Sources */,
				DD8B7F4321658E3A00092B49 /* Frameworks */,
				DD8B7F4421658E3A00092B49 /* Resources */,
				0D0D8A3C9F312198491C2798 /* [CP] Embed Pods Frameworks */,
			);
			buildRules = (
			);
			dependencies = (
			);
			name = SveviaResourceManager;
			productName = SveviaResourceManager;
			productReference = DD8B7F4621658E3B00092B49 /* SveviaResourceManager.app */;
			productType = "com.apple.product-type.application";
		};
		DD8B7F5921658E3B00092B49 /* SveviaResourceManagerTests */ = {
			isa = PBXNativeTarget;
			buildConfigurationList = DD8B7F7121658E3B00092B49 /* Build configuration list for PBXNativeTarget "SveviaResourceManagerTests" */;
			buildPhases = (
				F3D08D4D44BFE23F6C5A791F /* [CP] Check Pods Manifest.lock */,
				DD8B7F5621658E3B00092B49 /* Sources */,
				DD8B7F5721658E3B00092B49 /* Frameworks */,
				DD8B7F5821658E3B00092B49 /* Resources */,
			);
			buildRules = (
			);
			dependencies = (
				DD8B7F5C21658E3B00092B49 /* PBXTargetDependency */,
			);
			name = SveviaResourceManagerTests;
			productName = SveviaResourceManagerTests;
			productReference = DD8B7F5A21658E3B00092B49 /* SveviaResourceManagerTests.xctest */;
			productType = "com.apple.product-type.bundle.unit-test";
		};
		DD8B7F6421658E3B00092B49 /* SveviaResourceManagerUITests */ = {
			isa = PBXNativeTarget;
			buildConfigurationList = DD8B7F7421658E3B00092B49 /* Build configuration list for PBXNativeTarget "SveviaResourceManagerUITests" */;
			buildPhases = (
				8565201D4E364D771B057F3E /* [CP] Check Pods Manifest.lock */,
				DD8B7F6121658E3B00092B49 /* Sources */,
				DD8B7F6221658E3B00092B49 /* Frameworks */,
				DD8B7F6321658E3B00092B49 /* Resources */,
			);
			buildRules = (
			);
			dependencies = (
				DD8B7F6721658E3B00092B49 /* PBXTargetDependency */,
			);
			name = SveviaResourceManagerUITests;
			productName = SveviaResourceManagerUITests;
			productReference = DD8B7F6521658E3B00092B49 /* SveviaResourceManagerUITests.xctest */;
			productType = "com.apple.product-type.bundle.ui-testing";
		};
/* End PBXNativeTarget section */

/* Begin PBXProject section */
		DD8B7F3E21658E3A00092B49 /* Project object */ = {
			isa = PBXProject;
			attributes = {
				LastSwiftUpdateCheck = 1000;
				LastUpgradeCheck = 1000;
				ORGANIZATIONNAME = "Seizemore Consulting";
				TargetAttributes = {
					DD8B7F4521658E3A00092B49 = {
						CreatedOnToolsVersion = 10.0;
						SystemCapabilities = {
							com.apple.Maps.iOS = {
								enabled = 1;
							};
						};
					};
					DD8B7F5921658E3B00092B49 = {
						CreatedOnToolsVersion = 10.0;
						TestTargetID = DD8B7F4521658E3A00092B49;
					};
					DD8B7F6421658E3B00092B49 = {
						CreatedOnToolsVersion = 10.0;
						TestTargetID = DD8B7F4521658E3A00092B49;
					};
				};
			};
			buildConfigurationList = DD8B7F4121658E3A00092B49 /* Build configuration list for PBXProject "SveviaResourceManager" */;
			compatibilityVersion = "Xcode 9.3";
			developmentRegion = sv;
			hasScannedForEncodings = 0;
			knownRegions = (
				sv,
				Base,
				en,
			);
			mainGroup = DD8B7F3D21658E3A00092B49;
			productRefGroup = DD8B7F4721658E3B00092B49 /* Products */;
			projectDirPath = "";
			projectRoot = "";
			targets = (
				DD8B7F4521658E3A00092B49 /* SveviaResourceManager */,
				DD8B7F5921658E3B00092B49 /* SveviaResourceManagerTests */,
				DD8B7F6421658E3B00092B49 /* SveviaResourceManagerUITests */,
			);
		};
/* End PBXProject section */

/* Begin PBXResourcesBuildPhase section */
		DD8B7F4421658E3A00092B49 /* Resources */ = {
			isa = PBXResourcesBuildPhase;
			buildActionMask = 2147483647;
			files = (
				DDEC03FF2166D45000180CE3 /* Localizable.strings in Resources */,
				DD8B7F5421658E3B00092B49 /* LaunchScreen.storyboard in Resources */,
				DDFA11E021658F4000FCD002 /* GoogleService-Info.plist in Resources */,
				DD8B7F5121658E3B00092B49 /* Assets.xcassets in Resources */,
				DD8B7F4F21658E3B00092B49 /* Main.storyboard in Resources */,
			);
			runOnlyForDeploymentPostprocessing = 0;
		};
		DD8B7F5821658E3B00092B49 /* Resources */ = {
			isa = PBXResourcesBuildPhase;
			buildActionMask = 2147483647;
			files = (
				DDFA11E121658F4000FCD002 /* GoogleService-Info.plist in Resources */,
			);
			runOnlyForDeploymentPostprocessing = 0;
		};
		DD8B7F6321658E3B00092B49 /* Resources */ = {
			isa = PBXResourcesBuildPhase;
			buildActionMask = 2147483647;
			files = (
				DDFA11E221658F4000FCD002 /* GoogleService-Info.plist in Resources */,
			);
			runOnlyForDeploymentPostprocessing = 0;
		};
/* End PBXResourcesBuildPhase section */

/* Begin PBXShellScriptBuildPhase section */
		0D0D8A3C9F312198491C2798 /* [CP] Embed Pods Frameworks */ = {
			isa = PBXShellScriptBuildPhase;
			buildActionMask = 2147483647;
			files = (
			);
			inputFileListPaths = (
			);
			inputPaths = (
				"${SRCROOT}/Pods/Target Support Files/Pods-SveviaResourceManager/Pods-SveviaResourceManager-frameworks.sh",
				"${BUILT_PRODUCTS_DIR}/GoogleUtilities/GoogleUtilities.framework",
				"${BUILT_PRODUCTS_DIR}/nanopb/nanopb.framework",
			);
			name = "[CP] Embed Pods Frameworks";
			outputFileListPaths = (
			);
			outputPaths = (
				"${TARGET_BUILD_DIR}/${FRAMEWORKS_FOLDER_PATH}/GoogleUtilities.framework",
				"${TARGET_BUILD_DIR}/${FRAMEWORKS_FOLDER_PATH}/nanopb.framework",
			);
			runOnlyForDeploymentPostprocessing = 0;
			shellPath = /bin/sh;
			shellScript = "\"${SRCROOT}/Pods/Target Support Files/Pods-SveviaResourceManager/Pods-SveviaResourceManager-frameworks.sh\"\n";
			showEnvVarsInLog = 0;
		};
		2C239DF48E03282B85ADA688 /* [CP] Check Pods Manifest.lock */ = {
			isa = PBXShellScriptBuildPhase;
			buildActionMask = 2147483647;
			files = (
			);
			inputFileListPaths = (
			);
			inputPaths = (
				"${PODS_PODFILE_DIR_PATH}/Podfile.lock",
				"${PODS_ROOT}/Manifest.lock",
			);
			name = "[CP] Check Pods Manifest.lock";
			outputFileListPaths = (
			);
			outputPaths = (
				"$(DERIVED_FILE_DIR)/Pods-SveviaResourceManager-checkManifestLockResult.txt",
			);
			runOnlyForDeploymentPostprocessing = 0;
			shellPath = /bin/sh;
			shellScript = "diff \"${PODS_PODFILE_DIR_PATH}/Podfile.lock\" \"${PODS_ROOT}/Manifest.lock\" > /dev/null\nif [ $? != 0 ] ; then\n    # print error to STDERR\n    echo \"error: The sandbox is not in sync with the Podfile.lock. Run 'pod install' or update your CocoaPods installation.\" >&2\n    exit 1\nfi\n# This output is used by Xcode 'outputs' to avoid re-running this script phase.\necho \"SUCCESS\" > \"${SCRIPT_OUTPUT_FILE_0}\"\n";
			showEnvVarsInLog = 0;
		};
		8565201D4E364D771B057F3E /* [CP] Check Pods Manifest.lock */ = {
			isa = PBXShellScriptBuildPhase;
			buildActionMask = 2147483647;
			files = (
			);
			inputFileListPaths = (
			);
			inputPaths = (
				"${PODS_PODFILE_DIR_PATH}/Podfile.lock",
				"${PODS_ROOT}/Manifest.lock",
			);
			name = "[CP] Check Pods Manifest.lock";
			outputFileListPaths = (
			);
			outputPaths = (
				"$(DERIVED_FILE_DIR)/Pods-SveviaResourceManagerUITests-checkManifestLockResult.txt",
			);
			runOnlyForDeploymentPostprocessing = 0;
			shellPath = /bin/sh;
			shellScript = "diff \"${PODS_PODFILE_DIR_PATH}/Podfile.lock\" \"${PODS_ROOT}/Manifest.lock\" > /dev/null\nif [ $? != 0 ] ; then\n    # print error to STDERR\n    echo \"error: The sandbox is not in sync with the Podfile.lock. Run 'pod install' or update your CocoaPods installation.\" >&2\n    exit 1\nfi\n# This output is used by Xcode 'outputs' to avoid re-running this script phase.\necho \"SUCCESS\" > \"${SCRIPT_OUTPUT_FILE_0}\"\n";
			showEnvVarsInLog = 0;
		};
		F3D08D4D44BFE23F6C5A791F /* [CP] Check Pods Manifest.lock */ = {
			isa = PBXShellScriptBuildPhase;
			buildActionMask = 2147483647;
			files = (
			);
			inputFileListPaths = (
			);
			inputPaths = (
				"${PODS_PODFILE_DIR_PATH}/Podfile.lock",
				"${PODS_ROOT}/Manifest.lock",
			);
			name = "[CP] Check Pods Manifest.lock";
			outputFileListPaths = (
			);
			outputPaths = (
				"$(DERIVED_FILE_DIR)/Pods-SveviaResourceManagerTests-checkManifestLockResult.txt",
			);
			runOnlyForDeploymentPostprocessing = 0;
			shellPath = /bin/sh;
			shellScript = "diff \"${PODS_PODFILE_DIR_PATH}/Podfile.lock\" \"${PODS_ROOT}/Manifest.lock\" > /dev/null\nif [ $? != 0 ] ; then\n    # print error to STDERR\n    echo \"error: The sandbox is not in sync with the Podfile.lock. Run 'pod install' or update your CocoaPods installation.\" >&2\n    exit 1\nfi\n# This output is used by Xcode 'outputs' to avoid re-running this script phase.\necho \"SUCCESS\" > \"${SCRIPT_OUTPUT_FILE_0}\"\n";
			showEnvVarsInLog = 0;
		};
/* End PBXShellScriptBuildPhase section */

/* Begin PBXSourcesBuildPhase section */
		DD8B7F4221658E3A00092B49 /* Sources */ = {
			isa = PBXSourcesBuildPhase;
			buildActionMask = 2147483647;
			files = (
				DD8B7F4C21658E3B00092B49 /* LoginViewController.swift in Sources */,
				DD8B7F4A21658E3B00092B49 /* AppDelegate.swift in Sources */,
				DDEC0406216AD88D00180CE3 /* HomeViewController.swift in Sources */,
			);
			runOnlyForDeploymentPostprocessing = 0;
		};
		DD8B7F5621658E3B00092B49 /* Sources */ = {
			isa = PBXSourcesBuildPhase;
			buildActionMask = 2147483647;
			files = (
				DD8B7F5F21658E3B00092B49 /* SveviaResourceManagerTests.swift in Sources */,
			);
			runOnlyForDeploymentPostprocessing = 0;
		};
		DD8B7F6121658E3B00092B49 /* Sources */ = {
			isa = PBXSourcesBuildPhase;
			buildActionMask = 2147483647;
			files = (
				DD8B7F6A21658E3B00092B49 /* SveviaResourceManagerUITests.swift in Sources */,
			);
			runOnlyForDeploymentPostprocessing = 0;
		};
/* End PBXSourcesBuildPhase section */

/* Begin PBXTargetDependency section */
		DD8B7F5C21658E3B00092B49 /* PBXTargetDependency */ = {
			isa = PBXTargetDependency;
			target = DD8B7F4521658E3A00092B49 /* SveviaResourceManager */;
			targetProxy = DD8B7F5B21658E3B00092B49 /* PBXContainerItemProxy */;
		};
		DD8B7F6721658E3B00092B49 /* PBXTargetDependency */ = {
			isa = PBXTargetDependency;
			target = DD8B7F4521658E3A00092B49 /* SveviaResourceManager */;
			targetProxy = DD8B7F6621658E3B00092B49 /* PBXContainerItemProxy */;
		};
/* End PBXTargetDependency section */

/* Begin PBXVariantGroup section */
		DD8B7F4D21658E3B00092B49 /* Main.storyboard */ = {
			isa = PBXVariantGroup;
			children = (
				DD8B7F4E21658E3B00092B49 /* Base */,
				DDEC0402216A91DE00180CE3 /* sv */,
			);
			name = Main.storyboard;
			sourceTree = "<group>";
		};
		DD8B7F5221658E3B00092B49 /* LaunchScreen.storyboard */ = {
			isa = PBXVariantGroup;
			children = (
				DD8B7F5321658E3B00092B49 /* Base */,
				DDFA11E4216590C700FCD002 /* en */,
				DDFA11E92165919D00FCD002 /* sv */,
			);
			name = LaunchScreen.storyboard;
			sourceTree = "<group>";
		};
		DDEC03FD2166D45000180CE3 /* Localizable.strings */ = {
			isa = PBXVariantGroup;
			children = (
				DDEC03FE2166D45000180CE3 /* sv */,
			);
			name = Localizable.strings;
			sourceTree = "<group>";
		};
/* End PBXVariantGroup section */

/* Begin XCBuildConfiguration section */
		DD8B7F6C21658E3B00092B49 /* Debug */ = {
			isa = XCBuildConfiguration;
			buildSettings = {
				ALWAYS_SEARCH_USER_PATHS = NO;
				CLANG_ANALYZER_LOCALIZABILITY_NONLOCALIZED = YES;
				CLANG_ANALYZER_NONNULL = YES;
				CLANG_ANALYZER_NUMBER_OBJECT_CONVERSION = YES_AGGRESSIVE;
				CLANG_CXX_LANGUAGE_STANDARD = "gnu++14";
				CLANG_CXX_LIBRARY = "libc++";
				CLANG_ENABLE_MODULES = YES;
				CLANG_ENABLE_OBJC_ARC = YES;
				CLANG_ENABLE_OBJC_WEAK = YES;
				CLANG_WARN_BLOCK_CAPTURE_AUTORELEASING = YES;
				CLANG_WARN_BOOL_CONVERSION = YES;
				CLANG_WARN_COMMA = YES;
				CLANG_WARN_CONSTANT_CONVERSION = YES;
				CLANG_WARN_DEPRECATED_OBJC_IMPLEMENTATIONS = YES;
				CLANG_WARN_DIRECT_OBJC_ISA_USAGE = YES_ERROR;
				CLANG_WARN_DOCUMENTATION_COMMENTS = YES;
				CLANG_WARN_EMPTY_BODY = YES;
				CLANG_WARN_ENUM_CONVERSION = YES;
				CLANG_WARN_INFINITE_RECURSION = YES;
				CLANG_WARN_INT_CONVERSION = YES;
				CLANG_WARN_NON_LITERAL_NULL_CONVERSION = YES;
				CLANG_WARN_OBJC_IMPLICIT_RETAIN_SELF = YES;
				CLANG_WARN_OBJC_LITERAL_CONVERSION = YES;
				CLANG_WARN_OBJC_ROOT_CLASS = YES_ERROR;
				CLANG_WARN_RANGE_LOOP_ANALYSIS = YES;
				CLANG_WARN_STRICT_PROTOTYPES = YES;
				CLANG_WARN_SUSPICIOUS_MOVE = YES;
				CLANG_WARN_UNGUARDED_AVAILABILITY = YES_AGGRESSIVE;
				CLANG_WARN_UNREACHABLE_CODE = YES;
				CLANG_WARN__DUPLICATE_METHOD_MATCH = YES;
				CODE_SIGN_IDENTITY = "iPhone Developer";
				COPY_PHASE_STRIP = NO;
				DEBUG_INFORMATION_FORMAT = dwarf;
				ENABLE_STRICT_OBJC_MSGSEND = YES;
				ENABLE_TESTABILITY = YES;
				GCC_C_LANGUAGE_STANDARD = gnu11;
				GCC_DYNAMIC_NO_PIC = NO;
				GCC_NO_COMMON_BLOCKS = YES;
				GCC_OPTIMIZATION_LEVEL = 0;
				GCC_PREPROCESSOR_DEFINITIONS = (
					"DEBUG=1",
					"$(inherited)",
				);
				GCC_WARN_64_TO_32_BIT_CONVERSION = YES;
				GCC_WARN_ABOUT_RETURN_TYPE = YES_ERROR;
				GCC_WARN_UNDECLARED_SELECTOR = YES;
				GCC_WARN_UNINITIALIZED_AUTOS = YES_AGGRESSIVE;
				GCC_WARN_UNUSED_FUNCTION = YES;
				GCC_WARN_UNUSED_VARIABLE = YES;
				IPHONEOS_DEPLOYMENT_TARGET = 12.0;
				MTL_ENABLE_DEBUG_INFO = INCLUDE_SOURCE;
				MTL_FAST_MATH = YES;
				ONLY_ACTIVE_ARCH = YES;
				SDKROOT = iphoneos;
				SWIFT_ACTIVE_COMPILATION_CONDITIONS = DEBUG;
				SWIFT_OPTIMIZATION_LEVEL = "-Onone";
			};
			name = Debug;
		};
		DD8B7F6D21658E3B00092B49 /* Release */ = {
			isa = XCBuildConfiguration;
			buildSettings = {
				ALWAYS_SEARCH_USER_PATHS = NO;
				CLANG_ANALYZER_LOCALIZABILITY_NONLOCALIZED = YES;
				CLANG_ANALYZER_NONNULL = YES;
				CLANG_ANALYZER_NUMBER_OBJECT_CONVERSION = YES_AGGRESSIVE;
				CLANG_CXX_LANGUAGE_STANDARD = "gnu++14";
				CLANG_CXX_LIBRARY = "libc++";
				CLANG_ENABLE_MODULES = YES;
				CLANG_ENABLE_OBJC_ARC = YES;
				CLANG_ENABLE_OBJC_WEAK = YES;
				CLANG_WARN_BLOCK_CAPTURE_AUTORELEASING = YES;
				CLANG_WARN_BOOL_CONVERSION = YES;
				CLANG_WARN_COMMA = YES;
				CLANG_WARN_CONSTANT_CONVERSION = YES;
				CLANG_WARN_DEPRECATED_OBJC_IMPLEMENTATIONS = YES;
				CLANG_WARN_DIRECT_OBJC_ISA_USAGE = YES_ERROR;
				CLANG_WARN_DOCUMENTATION_COMMENTS = YES;
				CLANG_WARN_EMPTY_BODY = YES;
				CLANG_WARN_ENUM_CONVERSION = YES;
				CLANG_WARN_INFINITE_RECURSION = YES;
				CLANG_WARN_INT_CONVERSION = YES;
				CLANG_WARN_NON_LITERAL_NULL_CONVERSION = YES;
				CLANG_WARN_OBJC_IMPLICIT_RETAIN_SELF = YES;
				CLANG_WARN_OBJC_LITERAL_CONVERSION = YES;
				CLANG_WARN_OBJC_ROOT_CLASS = YES_ERROR;
				CLANG_WARN_RANGE_LOOP_ANALYSIS = YES;
				CLANG_WARN_STRICT_PROTOTYPES = YES;
				CLANG_WARN_SUSPICIOUS_MOVE = YES;
				CLANG_WARN_UNGUARDED_AVAILABILITY = YES_AGGRESSIVE;
				CLANG_WARN_UNREACHABLE_CODE = YES;
				CLANG_WARN__DUPLICATE_METHOD_MATCH = YES;
				CODE_SIGN_IDENTITY = "iPhone Developer";
				COPY_PHASE_STRIP = NO;
				DEBUG_INFORMATION_FORMAT = "dwarf-with-dsym";
				ENABLE_NS_ASSERTIONS = NO;
				ENABLE_STRICT_OBJC_MSGSEND = YES;
				GCC_C_LANGUAGE_STANDARD = gnu11;
				GCC_NO_COMMON_BLOCKS = YES;
				GCC_WARN_64_TO_32_BIT_CONVERSION = YES;
				GCC_WARN_ABOUT_RETURN_TYPE = YES_ERROR;
				GCC_WARN_UNDECLARED_SELECTOR = YES;
				GCC_WARN_UNINITIALIZED_AUTOS = YES_AGGRESSIVE;
				GCC_WARN_UNUSED_FUNCTION = YES;
				GCC_WARN_UNUSED_VARIABLE = YES;
				IPHONEOS_DEPLOYMENT_TARGET = 12.0;
				MTL_ENABLE_DEBUG_INFO = NO;
				MTL_FAST_MATH = YES;
				SDKROOT = iphoneos;
				SWIFT_COMPILATION_MODE = wholemodule;
				SWIFT_OPTIMIZATION_LEVEL = "-O";
				VALIDATE_PRODUCT = YES;
			};
			name = Release;
		};
		DD8B7F6F21658E3B00092B49 /* Debug */ = {
			isa = XCBuildConfiguration;
			baseConfigurationReference = A43D1B72DA55E3D4E0E6C3FF /* Pods-SveviaResourceManager.debug.xcconfig */;
			buildSettings = {
				ASSETCATALOG_COMPILER_APPICON_NAME = AppIcon;
				CODE_SIGN_STYLE = Automatic;
				DEVELOPMENT_TEAM = 6L5TZX33X8;
				INFOPLIST_FILE = SveviaResourceManager/Info.plist;
				LD_RUNPATH_SEARCH_PATHS = (
					"$(inherited)",
					"@executable_path/Frameworks",
				);
				PRODUCT_BUNDLE_IDENTIFIER = se.seizemore.SveviaResourceManager;
				PRODUCT_NAME = "$(TARGET_NAME)";
				SWIFT_VERSION = 4.2;
				TARGETED_DEVICE_FAMILY = "1,2";
			};
			name = Debug;
		};
		DD8B7F7021658E3B00092B49 /* Release */ = {
			isa = XCBuildConfiguration;
			baseConfigurationReference = B5F228A69AA8667D9B51D934 /* Pods-SveviaResourceManager.release.xcconfig */;
			buildSettings = {
				ASSETCATALOG_COMPILER_APPICON_NAME = AppIcon;
				CODE_SIGN_STYLE = Automatic;
				DEVELOPMENT_TEAM = 6L5TZX33X8;
				INFOPLIST_FILE = SveviaResourceManager/Info.plist;
				LD_RUNPATH_SEARCH_PATHS = (
					"$(inherited)",
					"@executable_path/Frameworks",
				);
				PRODUCT_BUNDLE_IDENTIFIER = se.seizemore.SveviaResourceManager;
				PRODUCT_NAME = "$(TARGET_NAME)";
				SWIFT_VERSION = 4.2;
				TARGETED_DEVICE_FAMILY = "1,2";
			};
			name = Release;
		};
		DD8B7F7221658E3B00092B49 /* Debug */ = {
			isa = XCBuildConfiguration;
			baseConfigurationReference = B170919DCC67A9C7AB504241 /* Pods-SveviaResourceManagerTests.debug.xcconfig */;
			buildSettings = {
				ALWAYS_EMBED_SWIFT_STANDARD_LIBRARIES = YES;
				BUNDLE_LOADER = "$(TEST_HOST)";
				CODE_SIGN_STYLE = Automatic;
				DEVELOPMENT_TEAM = 6L5TZX33X8;
				INFOPLIST_FILE = SveviaResourceManagerTests/Info.plist;
				LD_RUNPATH_SEARCH_PATHS = (
					"$(inherited)",
					"@executable_path/Frameworks",
					"@loader_path/Frameworks",
				);
				PRODUCT_BUNDLE_IDENTIFIER = se.seizemore.SveviaResourceManagerTests;
				PRODUCT_NAME = "$(TARGET_NAME)";
				SWIFT_VERSION = 4.2;
				TARGETED_DEVICE_FAMILY = "1,2";
				TEST_HOST = "$(BUILT_PRODUCTS_DIR)/SveviaResourceManager.app/SveviaResourceManager";
			};
			name = Debug;
		};
		DD8B7F7321658E3B00092B49 /* Release */ = {
			isa = XCBuildConfiguration;
			baseConfigurationReference = C23720A30AF6973C985C2095 /* Pods-SveviaResourceManagerTests.release.xcconfig */;
			buildSettings = {
				ALWAYS_EMBED_SWIFT_STANDARD_LIBRARIES = YES;
				BUNDLE_LOADER = "$(TEST_HOST)";
				CODE_SIGN_STYLE = Automatic;
				DEVELOPMENT_TEAM = 6L5TZX33X8;
				INFOPLIST_FILE = SveviaResourceManagerTests/Info.plist;
				LD_RUNPATH_SEARCH_PATHS = (
					"$(inherited)",
					"@executable_path/Frameworks",
					"@loader_path/Frameworks",
				);
				PRODUCT_BUNDLE_IDENTIFIER = se.seizemore.SveviaResourceManagerTests;
				PRODUCT_NAME = "$(TARGET_NAME)";
				SWIFT_VERSION = 4.2;
				TARGETED_DEVICE_FAMILY = "1,2";
				TEST_HOST = "$(BUILT_PRODUCTS_DIR)/SveviaResourceManager.app/SveviaResourceManager";
			};
			name = Release;
		};
		DD8B7F7521658E3B00092B49 /* Debug */ = {
			isa = XCBuildConfiguration;
			baseConfigurationReference = 301B6659E0C59DFA74A4B766 /* Pods-SveviaResourceManagerUITests.debug.xcconfig */;
			buildSettings = {
				ALWAYS_EMBED_SWIFT_STANDARD_LIBRARIES = YES;
				CODE_SIGN_STYLE = Automatic;
				DEVELOPMENT_TEAM = 6L5TZX33X8;
				INFOPLIST_FILE = SveviaResourceManagerUITests/Info.plist;
				LD_RUNPATH_SEARCH_PATHS = (
					"$(inherited)",
					"@executable_path/Frameworks",
					"@loader_path/Frameworks",
				);
				PRODUCT_BUNDLE_IDENTIFIER = se.seizemore.SveviaResourceManagerUITests;
				PRODUCT_NAME = "$(TARGET_NAME)";
				SWIFT_VERSION = 4.2;
				TARGETED_DEVICE_FAMILY = "1,2";
				TEST_TARGET_NAME = SveviaResourceManager;
			};
			name = Debug;
		};
		DD8B7F7621658E3B00092B49 /* Release */ = {
			isa = XCBuildConfiguration;
			baseConfigurationReference = 1C6F180705CB32EDB545009D /* Pods-SveviaResourceManagerUITests.release.xcconfig */;
			buildSettings = {
				ALWAYS_EMBED_SWIFT_STANDARD_LIBRARIES = YES;
				CODE_SIGN_STYLE = Automatic;
				DEVELOPMENT_TEAM = 6L5TZX33X8;
				INFOPLIST_FILE = SveviaResourceManagerUITests/Info.plist;
				LD_RUNPATH_SEARCH_PATHS = (
					"$(inherited)",
					"@executable_path/Frameworks",
					"@loader_path/Frameworks",
				);
				PRODUCT_BUNDLE_IDENTIFIER = se.seizemore.SveviaResourceManagerUITests;
				PRODUCT_NAME = "$(TARGET_NAME)";
				SWIFT_VERSION = 4.2;
				TARGETED_DEVICE_FAMILY = "1,2";
				TEST_TARGET_NAME = SveviaResourceManager;
			};
			name = Release;
		};
/* End XCBuildConfiguration section */

/* Begin XCConfigurationList section */
		DD8B7F4121658E3A00092B49 /* Build configuration list for PBXProject "SveviaResourceManager" */ = {
			isa = XCConfigurationList;
			buildConfigurations = (
				DD8B7F6C21658E3B00092B49 /* Debug */,
				DD8B7F6D21658E3B00092B49 /* Release */,
			);
			defaultConfigurationIsVisible = 0;
			defaultConfigurationName = Release;
		};
		DD8B7F6E21658E3B00092B49 /* Build configuration list for PBXNativeTarget "SveviaResourceManager" */ = {
			isa = XCConfigurationList;
			buildConfigurations = (
				DD8B7F6F21658E3B00092B49 /* Debug */,
				DD8B7F7021658E3B00092B49 /* Release */,
			);
			defaultConfigurationIsVisible = 0;
			defaultConfigurationName = Release;
		};
		DD8B7F7121658E3B00092B49 /* Build configuration list for PBXNativeTarget "SveviaResourceManagerTests" */ = {
			isa = XCConfigurationList;
			buildConfigurations = (
				DD8B7F7221658E3B00092B49 /* Debug */,
				DD8B7F7321658E3B00092B49 /* Release */,
			);
			defaultConfigurationIsVisible = 0;
			defaultConfigurationName = Release;
		};
		DD8B7F7421658E3B00092B49 /* Build configuration list for PBXNativeTarget "SveviaResourceManagerUITests" */ = {
			isa = XCConfigurationList;
			buildConfigurations = (
				DD8B7F7521658E3B00092B49 /* Debug */,
				DD8B7F7621658E3B00092B49 /* Release */,
			);
			defaultConfigurationIsVisible = 0;
			defaultConfigurationName = Release;
		};
/* End XCConfigurationList section */
	};
	rootObject = DD8B7F3E21658E3A00092B49 /* Project object */;
}
